
Microsoft Visual Studio Solution File, Format Version 12.00
# Visual Studio Version 17
VisualStudioVersion = 17.0.31912.275
MinimumVisualStudioVersion = 10.0.40219.1
Project("{FAE04EC0-301F-11D3-BF4B-00C04F79EFBC}") = "FrontEnd", "FrontEnd\FrontEnd.csproj", "{CDD77983-116F-43DB-BB22-E273954A2F99}"
	ProjectSection(ProjectDependencies) = postProject
		{4F688050-943B-4273-9CDA-B3EEB88ADD71} = {4F688050-943B-4273-9CDA-B3EEB88ADD71}
		{3769E3A7-B965-4B82-9430-402D88227140} = {3769E3A7-B965-4B82-9430-402D88227140}
		{509D9AD1-4FFF-4DDB-AB62-1385FC175CA8} = {509D9AD1-4FFF-4DDB-AB62-1385FC175CA8}
		{89028DF5-E08B-4AEC-B5F4-901FA5EB3D7A} = {89028DF5-E08B-4AEC-B5F4-901FA5EB3D7A}
	EndProjectSection
EndProject
Project("{FAE04EC0-301F-11D3-BF4B-00C04F79EFBC}") = "PLCommon", "PLCommon\PLCommon.csproj", "{3769E3A7-B965-4B82-9430-402D88227140}"
EndProject
Project("{FAE04EC0-301F-11D3-BF4B-00C04F79EFBC}") = "PLKernel", "PLKernel\PLKernel.csproj", "{89028DF5-E08B-4AEC-B5F4-901FA5EB3D7A}"
	ProjectSection(ProjectDependencies) = postProject
		{4F688050-943B-4273-9CDA-B3EEB88ADD71} = {4F688050-943B-4273-9CDA-B3EEB88ADD71}
		{3769E3A7-B965-4B82-9430-402D88227140} = {3769E3A7-B965-4B82-9430-402D88227140}
		{509D9AD1-4FFF-4DDB-AB62-1385FC175CA8} = {509D9AD1-4FFF-4DDB-AB62-1385FC175CA8}
	EndProjectSection
EndProject
Project("{FAE04EC0-301F-11D3-BF4B-00C04F79EFBC}") = "PLLibrary", "PLLibrary\PLLibrary.csproj", "{4F688050-943B-4273-9CDA-B3EEB88ADD71}"
	ProjectSection(ProjectDependencies) = postProject
		{3769E3A7-B965-4B82-9430-402D88227140} = {3769E3A7-B965-4B82-9430-402D88227140}
		{509D9AD1-4FFF-4DDB-AB62-1385FC175CA8} = {509D9AD1-4FFF-4DDB-AB62-1385FC175CA8}
	EndProjectSection
EndProject
Project("{FAE04EC0-301F-11D3-BF4B-00C04F79EFBC}") = "PLWorkspace", "PLWorkspace\PLWorkspace.csproj", "{509D9AD1-4FFF-4DDB-AB62-1385FC175CA8}"
	ProjectSection(ProjectDependencies) = postProject
		{3769E3A7-B965-4B82-9430-402D88227140} = {3769E3A7-B965-4B82-9430-402D88227140}
	EndProjectSection
EndProject
Project("{2150E333-8FDC-42A3-9474-1A3956D46DE8}") = "Solution Items", "Solution Items", "{6ED3CB0C-F1F5-4576-82BA-24A323FD6C55}"
	ProjectSection(SolutionItems) = preProject
		.editorconfig = .editorconfig
	EndProjectSection
EndProject
Project("{FAE04EC0-301F-11D3-BF4B-00C04F79EFBC}") = "utHelpWindow3", "utHelpWindow3\utHelpWindow3.csproj", "{0011584F-E3CF-42EF-B0A0-F043FCB78DBF}"
EndProject
Global
	GlobalSection(SolutionConfigurationPlatforms) = preSolution
		Debug|Any CPU = Debug|Any CPU
		Release|Any CPU = Release|Any CPU
	EndGlobalSection
	GlobalSection(ProjectConfigurationPlatforms) = postSolution
		{CDD77983-116F-43DB-BB22-E273954A2F99}.Debug|Any CPU.ActiveCfg = Debug|Any CPU
		{CDD77983-116F-43DB-BB22-E273954A2F99}.Debug|Any CPU.Build.0 = Debug|Any CPU
		{CDD77983-116F-43DB-BB22-E273954A2F99}.Release|Any CPU.ActiveCfg = Release|Any CPU
		{CDD77983-116F-43DB-BB22-E273954A2F99}.Release|Any CPU.Build.0 = Release|Any CPU
		{3769E3A7-B965-4B82-9430-402D88227140}.Debug|Any CPU.ActiveCfg = Debug|Any CPU
		{3769E3A7-B965-4B82-9430-402D88227140}.Debug|Any CPU.Build.0 = Debug|Any CPU
		{3769E3A7-B965-4B82-9430-402D88227140}.Release|Any CPU.ActiveCfg = Release|Any CPU
		{3769E3A7-B965-4B82-9430-402D88227140}.Release|Any CPU.Build.0 = Release|Any CPU
		{89028DF5-E08B-4AEC-B5F4-901FA5EB3D7A}.Debug|Any CPU.ActiveCfg = Debug|Any CPU
		{89028DF5-E08B-4AEC-B5F4-901FA5EB3D7A}.Debug|Any CPU.Build.0 = Debug|Any CPU
		{89028DF5-E08B-4AEC-B5F4-901FA5EB3D7A}.Release|Any CPU.ActiveCfg = Release|Any CPU
		{89028DF5-E08B-4AEC-B5F4-901FA5EB3D7A}.Release|Any CPU.Build.0 = Release|Any CPU
		{4F688050-943B-4273-9CDA-B3EEB88ADD71}.Debug|Any CPU.ActiveCfg = Debug|Any CPU
		{4F688050-943B-4273-9CDA-B3EEB88ADD71}.Debug|Any CPU.Build.0 = Debug|Any CPU
		{4F688050-943B-4273-9CDA-B3EEB88ADD71}.Release|Any CPU.ActiveCfg = Release|Any CPU
		{4F688050-943B-4273-9CDA-B3EEB88ADD71}.Release|Any CPU.Build.0 = Release|Any CPU
		{509D9AD1-4FFF-4DDB-AB62-1385FC175CA8}.Debug|Any CPU.ActiveCfg = Debug|Any CPU
		{509D9AD1-4FFF-4DDB-AB62-1385FC175CA8}.Debug|Any CPU.Build.0 = Debug|Any CPU
		{509D9AD1-4FFF-4DDB-AB62-1385FC175CA8}.Release|Any CPU.ActiveCfg = Release|Any CPU
		{509D9AD1-4FFF-4DDB-AB62-1385FC175CA8}.Release|Any CPU.Build.0 = Release|Any CPU
		{0011584F-E3CF-42EF-B0A0-F043FCB78DBF}.Debug|Any CPU.ActiveCfg = Debug|Any CPU
		{0011584F-E3CF-42EF-B0A0-F043FCB78DBF}.Debug|Any CPU.Build.0 = Debug|Any CPU
		{0011584F-E3CF-42EF-B0A0-F043FCB78DBF}.Release|Any CPU.ActiveCfg = Release|Any CPU
		{0011584F-E3CF-42EF-B0A0-F043FCB78DBF}.Release|Any CPU.Build.0 = Release|Any CPU
	EndGlobalSection
	GlobalSection(SolutionProperties) = preSolution
		HideSolutionNode = FALSE
	EndGlobalSection
	GlobalSection(ExtensibilityGlobals) = postSolution
		SolutionGuid = {CC05085A-28ED-4B44-9C75-BB61E1ECCF8A}
	EndGlobalSection
EndGlobal
